
Microsoft Visual Studio Solution File, Format Version 12.00
# Visual Studio Version 17
VisualStudioVersion = 17.3.32929.385
MinimumVisualStudioVersion = 10.0.40219.1
Project("{9A19103F-16F7-4668-BE54-9A1E7A4F7556}") = "DelegatesClassWork", "DelegatesClassWork\DelegatesClassWork.csproj", "{F7163368-0A36-43A2-90CB-007240E16CA1}"
EndProject
Project("{FAE04EC0-301F-11D3-BF4B-00C04F79EFBC}") = "DelegatesForms", "DelegatesForms\DelegatesForms.csproj", "{F62901E2-7C25-47D7-9F61-6E6A256A1C95}"
EndProject
Global
	GlobalSection(SolutionConfigurationPlatforms) = preSolution
		Debug|Any CPU = Debug|Any CPU
		Release|Any CPU = Release|Any CPU
	EndGlobalSection
	GlobalSection(ProjectConfigurationPlatforms) = postSolution
		{F7163368-0A36-43A2-90CB-007240E16CA1}.Debug|Any CPU.ActiveCfg = Debug|Any CPU
		{F7163368-0A36-43A2-90CB-007240E16CA1}.Debug|Any CPU.Build.0 = Debug|Any CPU
		{F7163368-0A36-43A2-90CB-007240E16CA1}.Release|Any CPU.ActiveCfg = Release|Any CPU
		{F7163368-0A36-43A2-90CB-007240E16CA1}.Release|Any CPU.Build.0 = Release|Any CPU
		{F62901E2-7C25-47D7-9F61-6E6A256A1C95}.Debug|Any CPU.ActiveCfg = Debug|Any CPU
		{F62901E2-7C25-47D7-9F61-6E6A256A1C95}.Debug|Any CPU.Build.0 = Debug|Any CPU
		{F62901E2-7C25-47D7-9F61-6E6A256A1C95}.Release|Any CPU.ActiveCfg = Release|Any CPU
		{F62901E2-7C25-47D7-9F61-6E6A256A1C95}.Release|Any CPU.Build.0 = Release|Any CPU
	EndGlobalSection
	GlobalSection(SolutionProperties) = preSolution
		HideSolutionNode = FALSE
	EndGlobalSection
	GlobalSection(ExtensibilityGlobals) = postSolution
		SolutionGuid = {AFFB1926-76B0-4513-BBED-728C515CB3EB}
	EndGlobalSection
EndGlobal
